
Microsoft Visual Studio Solution File, Format Version 12.00
# Visual Studio 15
VisualStudioVersion = 15.0.28010.2036
MinimumVisualStudioVersion = 10.0.40219.1
Project("{FAE04EC0-301F-11D3-BF4B-00C04F79EFBC}") = "ClueGoTesting", "ClueGoTesting\ClueGoTesting.csproj", "{59993263-05C6-4BDB-8091-0F15809737F2}"
EndProject
Global
	GlobalSection(SolutionConfigurationPlatforms) = preSolution
		Debug|Any CPU = Debug|Any CPU
		Release|Any CPU = Release|Any CPU
	EndGlobalSection
	GlobalSection(ProjectConfigurationPlatforms) = postSolution
		{59993263-05C6-4BDB-8091-0F15809737F2}.Debug|Any CPU.ActiveCfg = Debug|Any CPU
		{59993263-05C6-4BDB-8091-0F15809737F2}.Debug|Any CPU.Build.0 = Debug|Any CPU
		{59993263-05C6-4BDB-8091-0F15809737F2}.Release|Any CPU.ActiveCfg = Release|Any CPU
		{59993263-05C6-4BDB-8091-0F15809737F2}.Release|Any CPU.Build.0 = Release|Any CPU
	EndGlobalSection
	GlobalSection(SolutionProperties) = preSolution
		HideSolutionNode = FALSE
	EndGlobalSection
	GlobalSection(ExtensibilityGlobals) = postSolution
		SolutionGuid = {DF4DD553-46DD-44CE-A713-811D7D9AF3EF}
	EndGlobalSection
EndGlobal
